
Microsoft Visual Studio Solution File, Format Version 12.00
# Visual Studio Version 17
VisualStudioVersion = 17.0.32112.339
MinimumVisualStudioVersion = 10.0.40219.1
Project("{FAE04EC0-301F-11D3-BF4B-00C04F79EFBC}") = "OutInputSystem", "OutInputSystem\OutInputSystem.csproj", "{96FB2874-288E-48D2-B8B3-F2D7825B8E4F}"
EndProject
Project("{FAE04EC0-301F-11D3-BF4B-00C04F79EFBC}") = "OutInDataLibrary", "..\OutInDataLibrary\OutInDataLibrary.csproj", "{030B1934-A087-4E4E-AD52-F2B83DD28FC2}"
EndProject
Global
	GlobalSection(SolutionConfigurationPlatforms) = preSolution
		Debug|Any CPU = Debug|Any CPU
		Release|Any CPU = Release|Any CPU
	EndGlobalSection
	GlobalSection(ProjectConfigurationPlatforms) = postSolution
		{96FB2874-288E-48D2-B8B3-F2D7825B8E4F}.Debug|Any CPU.ActiveCfg = Debug|Any CPU
		{96FB2874-288E-48D2-B8B3-F2D7825B8E4F}.Debug|Any CPU.Build.0 = Debug|Any CPU
		{96FB2874-288E-48D2-B8B3-F2D7825B8E4F}.Release|Any CPU.ActiveCfg = Release|Any CPU
		{96FB2874-288E-48D2-B8B3-F2D7825B8E4F}.Release|Any CPU.Build.0 = Release|Any CPU
		{030B1934-A087-4E4E-AD52-F2B83DD28FC2}.Debug|Any CPU.ActiveCfg = Debug|Any CPU
		{030B1934-A087-4E4E-AD52-F2B83DD28FC2}.Debug|Any CPU.Build.0 = Debug|Any CPU
		{030B1934-A087-4E4E-AD52-F2B83DD28FC2}.Release|Any CPU.ActiveCfg = Release|Any CPU
		{030B1934-A087-4E4E-AD52-F2B83DD28FC2}.Release|Any CPU.Build.0 = Release|Any CPU
	EndGlobalSection
	GlobalSection(SolutionProperties) = preSolution
		HideSolutionNode = FALSE
	EndGlobalSection
	GlobalSection(ExtensibilityGlobals) = postSolution
		SolutionGuid = {84EAAE45-D348-4942-B7EF-0F1B54D673A9}
	EndGlobalSection
EndGlobal
