
Microsoft Visual Studio Solution File, Format Version 12.00
# Visual Studio Version 17
VisualStudioVersion = 17.0.32112.339
MinimumVisualStudioVersion = 10.0.40219.1
Project("{FAE04EC0-301F-11D3-BF4B-00C04F79EFBC}") = "HelloWPFAPP", "HelloWPFAPP\HelloWPFAPP.csproj", "{0B51DF1E-EA45-4331-8565-3F6D45EDA5FE}"
EndProject
Global
	GlobalSection(SolutionConfigurationPlatforms) = preSolution
		Debug|Any CPU = Debug|Any CPU
		Release|Any CPU = Release|Any CPU
	EndGlobalSection
	GlobalSection(ProjectConfigurationPlatforms) = postSolution
		{0B51DF1E-EA45-4331-8565-3F6D45EDA5FE}.Debug|Any CPU.ActiveCfg = Debug|Any CPU
		{0B51DF1E-EA45-4331-8565-3F6D45EDA5FE}.Debug|Any CPU.Build.0 = Debug|Any CPU
		{0B51DF1E-EA45-4331-8565-3F6D45EDA5FE}.Release|Any CPU.ActiveCfg = Release|Any CPU
		{0B51DF1E-EA45-4331-8565-3F6D45EDA5FE}.Release|Any CPU.Build.0 = Release|Any CPU
	EndGlobalSection
	GlobalSection(SolutionProperties) = preSolution
		HideSolutionNode = FALSE
	EndGlobalSection
	GlobalSection(ExtensibilityGlobals) = postSolution
		SolutionGuid = {FA296D4E-BF16-4841-8639-C4B8B4AD3D38}
	EndGlobalSection
EndGlobal
