
Microsoft Visual Studio Solution File, Format Version 12.00
# Visual Studio Version 17
VisualStudioVersion = 17.0.32112.339
MinimumVisualStudioVersion = 10.0.40219.1
Project("{FAE04EC0-301F-11D3-BF4B-00C04F79EFBC}") = "interface abstract", "interface abstract.csproj", "{F31049ED-D16F-4AD8-97D6-9A44D0CD4080}"
EndProject
Global
	GlobalSection(SolutionConfigurationPlatforms) = preSolution
		Debug|Any CPU = Debug|Any CPU
		Release|Any CPU = Release|Any CPU
	EndGlobalSection
	GlobalSection(ProjectConfigurationPlatforms) = postSolution
		{F31049ED-D16F-4AD8-97D6-9A44D0CD4080}.Debug|Any CPU.ActiveCfg = Debug|Any CPU
		{F31049ED-D16F-4AD8-97D6-9A44D0CD4080}.Debug|Any CPU.Build.0 = Debug|Any CPU
		{F31049ED-D16F-4AD8-97D6-9A44D0CD4080}.Release|Any CPU.ActiveCfg = Release|Any CPU
		{F31049ED-D16F-4AD8-97D6-9A44D0CD4080}.Release|Any CPU.Build.0 = Release|Any CPU
	EndGlobalSection
	GlobalSection(SolutionProperties) = preSolution
		HideSolutionNode = FALSE
	EndGlobalSection
	GlobalSection(ExtensibilityGlobals) = postSolution
		SolutionGuid = {1DA7261E-2830-4CF0-8E33-C6B104151420}
	EndGlobalSection
EndGlobal
